
Microsoft Visual Studio Solution File, Format Version 12.00
# Visual Studio Version 17
VisualStudioVersion = 17.9.34902.65
MinimumVisualStudioVersion = 10.0.40219.1
Project("{9A19103F-16F7-4668-BE54-9A1E7A4F7556}") = "RunAndGun", "RunAndGun.csproj", "{17D24D46-B075-4984-99AF-215DD74A04F9}"
EndProject
Project("{2150E333-8FDC-42A3-9474-1A3956D46DE8}") = "Solution Items", "Solution Items", "{9A80BAFF-9502-48A7-9E61-30B36451097F}"
	ProjectSection(SolutionItems) = preProject
		..\..\About\About.xml = ..\..\About\About.xml
	EndProjectSection
EndProject
Global
	GlobalSection(SolutionConfigurationPlatforms) = preSolution
		Debug|Any CPU = Debug|Any CPU
		Release|Any CPU = Release|Any CPU
	EndGlobalSection
	GlobalSection(ProjectConfigurationPlatforms) = postSolution
		{17D24D46-B075-4984-99AF-215DD74A04F9}.Debug|Any CPU.ActiveCfg = Debug|Any CPU
		{17D24D46-B075-4984-99AF-215DD74A04F9}.Debug|Any CPU.Build.0 = Debug|Any CPU
		{17D24D46-B075-4984-99AF-215DD74A04F9}.Release|Any CPU.ActiveCfg = Release|Any CPU
		{17D24D46-B075-4984-99AF-215DD74A04F9}.Release|Any CPU.Build.0 = Release|Any CPU
	EndGlobalSection
	GlobalSection(SolutionProperties) = preSolution
		HideSolutionNode = FALSE
	EndGlobalSection
	GlobalSection(ExtensibilityGlobals) = postSolution
		SolutionGuid = {3E1E184F-341A-4728-A3F9-B36C0163A244}
	EndGlobalSection
EndGlobal
